
Microsoft Visual Studio Solution File, Format Version 12.00
# Visual Studio Version 17
VisualStudioVersion = 17.11.35312.102
MinimumVisualStudioVersion = 10.0.40219.1
Project("{FAE04EC0-301F-11D3-BF4B-00C04F79EFBC}") = "CassettaDiSicurezza", "CassettaDiSicurezza\CassettaDiSicurezza.csproj", "{CD72F703-79E2-466D-B2FF-7482B4CA0E03}"
EndProject
Global
	GlobalSection(SolutionConfigurationPlatforms) = preSolution
		Debug|Any CPU = Debug|Any CPU
		Release|Any CPU = Release|Any CPU
	EndGlobalSection
	GlobalSection(ProjectConfigurationPlatforms) = postSolution
		{CD72F703-79E2-466D-B2FF-7482B4CA0E03}.Debug|Any CPU.ActiveCfg = Debug|Any CPU
		{CD72F703-79E2-466D-B2FF-7482B4CA0E03}.Debug|Any CPU.Build.0 = Debug|Any CPU
		{CD72F703-79E2-466D-B2FF-7482B4CA0E03}.Release|Any CPU.ActiveCfg = Release|Any CPU
		{CD72F703-79E2-466D-B2FF-7482B4CA0E03}.Release|Any CPU.Build.0 = Release|Any CPU
	EndGlobalSection
	GlobalSection(SolutionProperties) = preSolution
		HideSolutionNode = FALSE
	EndGlobalSection
	GlobalSection(ExtensibilityGlobals) = postSolution
		SolutionGuid = {6E4EC671-0F40-4637-BF4A-A63F0A80D842}
	EndGlobalSection
EndGlobal
